
Microsoft Visual Studio Solution File, Format Version 12.00
# Visual Studio 14
VisualStudioVersion = 14.0.25420.1
MinimumVisualStudioVersion = 10.0.40219.1
Project("{2150E333-8FDC-42A3-9474-1A3956D46DE8}") = "src", "src", "{2971FE59-8965-4135-A860-33D07E4BD8FB}"
EndProject
Project("{2150E333-8FDC-42A3-9474-1A3956D46DE8}") = "Solution Items", "Solution Items", "{B7303B74-F7B1-4B68-888D-1244AA296AC5}"
	ProjectSection(SolutionItems) = preProject
		BestFor.runsettings = BestFor.runsettings
		global.json = global.json
	EndProjectSection
EndProject
Project("{8BB2217D-0F2D-49D1-97BC-3654ED321F3B}") = "BestFor", "BestFor\BestFor.xproj", "{D6C11525-FDCD-416D-99E6-9AD2A0E5E910}"
EndProject
Project("{8BB2217D-0F2D-49D1-97BC-3654ED321F3B}") = "BestFor.Common", "BestFor.Common\BestFor.Common.xproj", "{AEACACD7-AA38-4AD8-B122-60C79EED0F1D}"
EndProject
Project("{8BB2217D-0F2D-49D1-97BC-3654ED321F3B}") = "BestFor.UnitTests", "BestFor.UnitTests\BestFor.UnitTests.xproj", "{CD6C9D5E-AC39-422D-9191-69A4F7F49A90}"
EndProject
Project("{8BB2217D-0F2D-49D1-97BC-3654ED321F3B}") = "BestFor.Dto", "BestFor.Dto\BestFor.Dto.xproj", "{1E620AF1-6221-4ABD-B153-407FF3C54673}"
EndProject
Project("{8BB2217D-0F2D-49D1-97BC-3654ED321F3B}") = "BestFor.Domain", "BestFor.Domain\BestFor.Domain.xproj", "{2299EAC1-D352-4407-9BCE-DDEE47F87415}"
EndProject
Project("{8BB2217D-0F2D-49D1-97BC-3654ED321F3B}") = "BestFor.Data", "BestFor.Data\BestFor.Data.xproj", "{FB6F2271-AE45-4899-AD87-2AD5BBB15EDA}"
EndProject
Project("{8BB2217D-0F2D-49D1-97BC-3654ED321F3B}") = "BestFor.Fakes", "BestFor.Fakes\BestFor.Fakes.xproj", "{921AA6FA-D746-474E-9B0F-23AD63972B30}"
EndProject
Project("{8BB2217D-0F2D-49D1-97BC-3654ED321F3B}") = "BestFor.Services", "BestFor.Services\BestFor.Services.xproj", "{6A5E424D-02AA-4807-8A5F-F04B139D020C}"
EndProject
Global
	GlobalSection(SolutionConfigurationPlatforms) = preSolution
		Debug|Any CPU = Debug|Any CPU
		Release|Any CPU = Release|Any CPU
	EndGlobalSection
	GlobalSection(ProjectConfigurationPlatforms) = postSolution
		{D6C11525-FDCD-416D-99E6-9AD2A0E5E910}.Debug|Any CPU.ActiveCfg = Debug|Any CPU
		{D6C11525-FDCD-416D-99E6-9AD2A0E5E910}.Debug|Any CPU.Build.0 = Debug|Any CPU
		{D6C11525-FDCD-416D-99E6-9AD2A0E5E910}.Release|Any CPU.ActiveCfg = Release|Any CPU
		{D6C11525-FDCD-416D-99E6-9AD2A0E5E910}.Release|Any CPU.Build.0 = Release|Any CPU
		{AEACACD7-AA38-4AD8-B122-60C79EED0F1D}.Debug|Any CPU.ActiveCfg = Debug|Any CPU
		{AEACACD7-AA38-4AD8-B122-60C79EED0F1D}.Debug|Any CPU.Build.0 = Debug|Any CPU
		{AEACACD7-AA38-4AD8-B122-60C79EED0F1D}.Release|Any CPU.ActiveCfg = Release|Any CPU
		{AEACACD7-AA38-4AD8-B122-60C79EED0F1D}.Release|Any CPU.Build.0 = Release|Any CPU
		{CD6C9D5E-AC39-422D-9191-69A4F7F49A90}.Debug|Any CPU.ActiveCfg = Debug|Any CPU
		{CD6C9D5E-AC39-422D-9191-69A4F7F49A90}.Debug|Any CPU.Build.0 = Debug|Any CPU
		{CD6C9D5E-AC39-422D-9191-69A4F7F49A90}.Release|Any CPU.ActiveCfg = Release|Any CPU
		{CD6C9D5E-AC39-422D-9191-69A4F7F49A90}.Release|Any CPU.Build.0 = Release|Any CPU
		{1E620AF1-6221-4ABD-B153-407FF3C54673}.Debug|Any CPU.ActiveCfg = Debug|Any CPU
		{1E620AF1-6221-4ABD-B153-407FF3C54673}.Debug|Any CPU.Build.0 = Debug|Any CPU
		{1E620AF1-6221-4ABD-B153-407FF3C54673}.Release|Any CPU.ActiveCfg = Release|Any CPU
		{1E620AF1-6221-4ABD-B153-407FF3C54673}.Release|Any CPU.Build.0 = Release|Any CPU
		{2299EAC1-D352-4407-9BCE-DDEE47F87415}.Debug|Any CPU.ActiveCfg = Debug|Any CPU
		{2299EAC1-D352-4407-9BCE-DDEE47F87415}.Debug|Any CPU.Build.0 = Debug|Any CPU
		{2299EAC1-D352-4407-9BCE-DDEE47F87415}.Release|Any CPU.ActiveCfg = Release|Any CPU
		{2299EAC1-D352-4407-9BCE-DDEE47F87415}.Release|Any CPU.Build.0 = Release|Any CPU
		{FB6F2271-AE45-4899-AD87-2AD5BBB15EDA}.Debug|Any CPU.ActiveCfg = Debug|Any CPU
		{FB6F2271-AE45-4899-AD87-2AD5BBB15EDA}.Debug|Any CPU.Build.0 = Debug|Any CPU
		{FB6F2271-AE45-4899-AD87-2AD5BBB15EDA}.Release|Any CPU.ActiveCfg = Release|Any CPU
		{FB6F2271-AE45-4899-AD87-2AD5BBB15EDA}.Release|Any CPU.Build.0 = Release|Any CPU
		{921AA6FA-D746-474E-9B0F-23AD63972B30}.Debug|Any CPU.ActiveCfg = Debug|Any CPU
		{921AA6FA-D746-474E-9B0F-23AD63972B30}.Debug|Any CPU.Build.0 = Debug|Any CPU
		{921AA6FA-D746-474E-9B0F-23AD63972B30}.Release|Any CPU.ActiveCfg = Release|Any CPU
		{921AA6FA-D746-474E-9B0F-23AD63972B30}.Release|Any CPU.Build.0 = Release|Any CPU
		{6A5E424D-02AA-4807-8A5F-F04B139D020C}.Debug|Any CPU.ActiveCfg = Debug|Any CPU
		{6A5E424D-02AA-4807-8A5F-F04B139D020C}.Debug|Any CPU.Build.0 = Debug|Any CPU
		{6A5E424D-02AA-4807-8A5F-F04B139D020C}.Release|Any CPU.ActiveCfg = Release|Any CPU
		{6A5E424D-02AA-4807-8A5F-F04B139D020C}.Release|Any CPU.Build.0 = Release|Any CPU
	EndGlobalSection
	GlobalSection(SolutionProperties) = preSolution
		HideSolutionNode = FALSE
	EndGlobalSection
	GlobalSection(NestedProjects) = preSolution
		{D6C11525-FDCD-416D-99E6-9AD2A0E5E910} = {2971FE59-8965-4135-A860-33D07E4BD8FB}
		{AEACACD7-AA38-4AD8-B122-60C79EED0F1D} = {2971FE59-8965-4135-A860-33D07E4BD8FB}
		{CD6C9D5E-AC39-422D-9191-69A4F7F49A90} = {2971FE59-8965-4135-A860-33D07E4BD8FB}
		{1E620AF1-6221-4ABD-B153-407FF3C54673} = {2971FE59-8965-4135-A860-33D07E4BD8FB}
		{2299EAC1-D352-4407-9BCE-DDEE47F87415} = {2971FE59-8965-4135-A860-33D07E4BD8FB}
		{FB6F2271-AE45-4899-AD87-2AD5BBB15EDA} = {2971FE59-8965-4135-A860-33D07E4BD8FB}
		{921AA6FA-D746-474E-9B0F-23AD63972B30} = {2971FE59-8965-4135-A860-33D07E4BD8FB}
		{6A5E424D-02AA-4807-8A5F-F04B139D020C} = {2971FE59-8965-4135-A860-33D07E4BD8FB}
	EndGlobalSection
EndGlobal
