
Microsoft Visual Studio Solution File, Format Version 12.00
# Visual Studio 14
VisualStudioVersion = 14.0.23107.0
MinimumVisualStudioVersion = 10.0.40219.1
Project("{2150E333-8FDC-42A3-9474-1A3956D46DE8}") = "src", "src", "{2971FE59-8965-4135-A860-33D07E4BD8FB}"
EndProject
Project("{2150E333-8FDC-42A3-9474-1A3956D46DE8}") = "Solution Items", "Solution Items", "{B7303B74-F7B1-4B68-888D-1244AA296AC5}"
	ProjectSection(SolutionItems) = preProject
		global.json = global.json
		NuGet.Config = NuGet.Config
	EndProjectSection
EndProject
Project("{8BB2217D-0F2D-49D1-97BC-3654ED321F3B}") = "BestFor", "src\BestFor\BestFor.xproj", "{DD56183A-8388-46F2-A8D6-6BEC76913C43}"
EndProject
Project("{8BB2217D-0F2D-49D1-97BC-3654ED321F3B}") = "Junk5WebApi", "src\Junk5WebApi\Junk5WebApi.xproj", "{33F3E8E5-48B7-4157-BC55-CEEFAF416CCF}"
EndProject
Project("{8BB2217D-0F2D-49D1-97BC-3654ED321F3B}") = "Junk5Mvc", "src\Junk5Mvc\Junk5Mvc.xproj", "{7F4507ED-3ADC-4552-AF44-8117B056CB61}"
EndProject
Project("{8BB2217D-0F2D-49D1-97BC-3654ED321F3B}") = "BestFor.Services", "src\BestFor.Services\BestFor.Services.xproj", "{249C0159-5D1C-4746-8C99-71E21A49E041}"
EndProject
Project("{8BB2217D-0F2D-49D1-97BC-3654ED321F3B}") = "BestFor.Dto", "src\BestFor.Dto\BestFor.Dto.xproj", "{2FAAA37D-19FA-4167-AB5D-1E0C5C7F07E1}"
EndProject
Project("{8BB2217D-0F2D-49D1-97BC-3654ED321F3B}") = "BestFor.Domain", "src\BestFor.Domain\BestFor.Domain.xproj", "{463ED66F-3974-4D7B-A9B4-B9B8D0429300}"
EndProject
Project("{8BB2217D-0F2D-49D1-97BC-3654ED321F3B}") = "BestFor.Domain.Tests", "BestFor.Domain.Tests\BestFor.Domain.Tests.xproj", "{650A5A85-5956-491E-9312-5E25A27D1108}"
EndProject
Project("{8BB2217D-0F2D-49D1-97BC-3654ED321F3B}") = "BestFor.Services.Tests", "BestFor.Services.Tests\BestFor.Services.Tests.xproj", "{BEE79D66-93E2-49CC-910C-1B7DB284FE18}"
EndProject
Global
	GlobalSection(SolutionConfigurationPlatforms) = preSolution
		Debug|Any CPU = Debug|Any CPU
		Release|Any CPU = Release|Any CPU
	EndGlobalSection
	GlobalSection(ProjectConfigurationPlatforms) = postSolution
		{DD56183A-8388-46F2-A8D6-6BEC76913C43}.Debug|Any CPU.ActiveCfg = Debug|Any CPU
		{DD56183A-8388-46F2-A8D6-6BEC76913C43}.Debug|Any CPU.Build.0 = Debug|Any CPU
		{DD56183A-8388-46F2-A8D6-6BEC76913C43}.Release|Any CPU.ActiveCfg = Release|Any CPU
		{DD56183A-8388-46F2-A8D6-6BEC76913C43}.Release|Any CPU.Build.0 = Release|Any CPU
		{33F3E8E5-48B7-4157-BC55-CEEFAF416CCF}.Debug|Any CPU.ActiveCfg = Debug|Any CPU
		{33F3E8E5-48B7-4157-BC55-CEEFAF416CCF}.Debug|Any CPU.Build.0 = Debug|Any CPU
		{33F3E8E5-48B7-4157-BC55-CEEFAF416CCF}.Release|Any CPU.ActiveCfg = Release|Any CPU
		{33F3E8E5-48B7-4157-BC55-CEEFAF416CCF}.Release|Any CPU.Build.0 = Release|Any CPU
		{7F4507ED-3ADC-4552-AF44-8117B056CB61}.Debug|Any CPU.ActiveCfg = Debug|Any CPU
		{7F4507ED-3ADC-4552-AF44-8117B056CB61}.Debug|Any CPU.Build.0 = Debug|Any CPU
		{7F4507ED-3ADC-4552-AF44-8117B056CB61}.Release|Any CPU.ActiveCfg = Release|Any CPU
		{7F4507ED-3ADC-4552-AF44-8117B056CB61}.Release|Any CPU.Build.0 = Release|Any CPU
		{249C0159-5D1C-4746-8C99-71E21A49E041}.Debug|Any CPU.ActiveCfg = Debug|Any CPU
		{249C0159-5D1C-4746-8C99-71E21A49E041}.Debug|Any CPU.Build.0 = Debug|Any CPU
		{249C0159-5D1C-4746-8C99-71E21A49E041}.Release|Any CPU.ActiveCfg = Release|Any CPU
		{249C0159-5D1C-4746-8C99-71E21A49E041}.Release|Any CPU.Build.0 = Release|Any CPU
		{2FAAA37D-19FA-4167-AB5D-1E0C5C7F07E1}.Debug|Any CPU.ActiveCfg = Debug|Any CPU
		{2FAAA37D-19FA-4167-AB5D-1E0C5C7F07E1}.Debug|Any CPU.Build.0 = Debug|Any CPU
		{2FAAA37D-19FA-4167-AB5D-1E0C5C7F07E1}.Release|Any CPU.ActiveCfg = Release|Any CPU
		{2FAAA37D-19FA-4167-AB5D-1E0C5C7F07E1}.Release|Any CPU.Build.0 = Release|Any CPU
		{463ED66F-3974-4D7B-A9B4-B9B8D0429300}.Debug|Any CPU.ActiveCfg = Debug|Any CPU
		{463ED66F-3974-4D7B-A9B4-B9B8D0429300}.Debug|Any CPU.Build.0 = Debug|Any CPU
		{463ED66F-3974-4D7B-A9B4-B9B8D0429300}.Release|Any CPU.ActiveCfg = Release|Any CPU
		{463ED66F-3974-4D7B-A9B4-B9B8D0429300}.Release|Any CPU.Build.0 = Release|Any CPU
		{650A5A85-5956-491E-9312-5E25A27D1108}.Debug|Any CPU.ActiveCfg = Debug|Any CPU
		{650A5A85-5956-491E-9312-5E25A27D1108}.Debug|Any CPU.Build.0 = Debug|Any CPU
		{650A5A85-5956-491E-9312-5E25A27D1108}.Release|Any CPU.ActiveCfg = Release|Any CPU
		{650A5A85-5956-491E-9312-5E25A27D1108}.Release|Any CPU.Build.0 = Release|Any CPU
		{BEE79D66-93E2-49CC-910C-1B7DB284FE18}.Debug|Any CPU.ActiveCfg = Debug|Any CPU
		{BEE79D66-93E2-49CC-910C-1B7DB284FE18}.Debug|Any CPU.Build.0 = Debug|Any CPU
		{BEE79D66-93E2-49CC-910C-1B7DB284FE18}.Release|Any CPU.ActiveCfg = Release|Any CPU
		{BEE79D66-93E2-49CC-910C-1B7DB284FE18}.Release|Any CPU.Build.0 = Release|Any CPU
	EndGlobalSection
	GlobalSection(SolutionProperties) = preSolution
		HideSolutionNode = FALSE
	EndGlobalSection
	GlobalSection(NestedProjects) = preSolution
		{DD56183A-8388-46F2-A8D6-6BEC76913C43} = {2971FE59-8965-4135-A860-33D07E4BD8FB}
		{33F3E8E5-48B7-4157-BC55-CEEFAF416CCF} = {2971FE59-8965-4135-A860-33D07E4BD8FB}
		{7F4507ED-3ADC-4552-AF44-8117B056CB61} = {2971FE59-8965-4135-A860-33D07E4BD8FB}
		{249C0159-5D1C-4746-8C99-71E21A49E041} = {2971FE59-8965-4135-A860-33D07E4BD8FB}
		{2FAAA37D-19FA-4167-AB5D-1E0C5C7F07E1} = {2971FE59-8965-4135-A860-33D07E4BD8FB}
		{463ED66F-3974-4D7B-A9B4-B9B8D0429300} = {2971FE59-8965-4135-A860-33D07E4BD8FB}
	EndGlobalSection
EndGlobal
