
Microsoft Visual Studio Solution File, Format Version 12.00
# Visual Studio 14
VisualStudioVersion = 14.0.25420.1
MinimumVisualStudioVersion = 10.0.40219.1
Project("{2150E333-8FDC-42A3-9474-1A3956D46DE8}") = "src", "src", "{C7A7DED3-7D08-4160-9B9E-C351B0B360D4}"
EndProject
Project("{2150E333-8FDC-42A3-9474-1A3956D46DE8}") = "Solution Items", "Solution Items", "{4B417DA7-9274-41DB-B8F4-2B6C01AAB5EC}"
	ProjectSection(SolutionItems) = preProject
		global.json = global.json
	EndProjectSection
EndProject
Project("{8BB2217D-0F2D-49D1-97BC-3654ED321F3B}") = "Zoom", "src\Zoom\Zoom.xproj", "{AB573C6B-6C21-4A48-9F9E-EEE5868AD448}"
EndProject
Project("{8BB2217D-0F2D-49D1-97BC-3654ED321F3B}") = "ZoomLibrary", "src\ZoomLibrary\ZoomLibrary.xproj", "{DB7F0375-B2D6-4AC3-98B6-CA3488AEF08E}"
EndProject
Project("{8BB2217D-0F2D-49D1-97BC-3654ED321F3B}") = "CoreDotNet", "src\CoreDotNet\CoreDotNet.xproj", "{0BA7D243-889E-4E93-922D-05F6CEA7C6AD}"
EndProject
Global
	GlobalSection(SolutionConfigurationPlatforms) = preSolution
		Debug|Any CPU = Debug|Any CPU
		Release|Any CPU = Release|Any CPU
	EndGlobalSection
	GlobalSection(ProjectConfigurationPlatforms) = postSolution
		{AB573C6B-6C21-4A48-9F9E-EEE5868AD448}.Debug|Any CPU.ActiveCfg = Debug|Any CPU
		{AB573C6B-6C21-4A48-9F9E-EEE5868AD448}.Debug|Any CPU.Build.0 = Debug|Any CPU
		{AB573C6B-6C21-4A48-9F9E-EEE5868AD448}.Release|Any CPU.ActiveCfg = Release|Any CPU
		{AB573C6B-6C21-4A48-9F9E-EEE5868AD448}.Release|Any CPU.Build.0 = Release|Any CPU
		{DB7F0375-B2D6-4AC3-98B6-CA3488AEF08E}.Debug|Any CPU.ActiveCfg = Debug|Any CPU
		{DB7F0375-B2D6-4AC3-98B6-CA3488AEF08E}.Debug|Any CPU.Build.0 = Debug|Any CPU
		{DB7F0375-B2D6-4AC3-98B6-CA3488AEF08E}.Release|Any CPU.ActiveCfg = Release|Any CPU
		{DB7F0375-B2D6-4AC3-98B6-CA3488AEF08E}.Release|Any CPU.Build.0 = Release|Any CPU
		{0BA7D243-889E-4E93-922D-05F6CEA7C6AD}.Debug|Any CPU.ActiveCfg = Debug|Any CPU
		{0BA7D243-889E-4E93-922D-05F6CEA7C6AD}.Debug|Any CPU.Build.0 = Debug|Any CPU
		{0BA7D243-889E-4E93-922D-05F6CEA7C6AD}.Release|Any CPU.ActiveCfg = Release|Any CPU
		{0BA7D243-889E-4E93-922D-05F6CEA7C6AD}.Release|Any CPU.Build.0 = Release|Any CPU
	EndGlobalSection
	GlobalSection(SolutionProperties) = preSolution
		HideSolutionNode = FALSE
	EndGlobalSection
	GlobalSection(NestedProjects) = preSolution
		{AB573C6B-6C21-4A48-9F9E-EEE5868AD448} = {C7A7DED3-7D08-4160-9B9E-C351B0B360D4}
		{DB7F0375-B2D6-4AC3-98B6-CA3488AEF08E} = {C7A7DED3-7D08-4160-9B9E-C351B0B360D4}
		{0BA7D243-889E-4E93-922D-05F6CEA7C6AD} = {C7A7DED3-7D08-4160-9B9E-C351B0B360D4}
	EndGlobalSection
EndGlobal
